{
  "name": "exp-test-harness",
  "lockfileVersion": 3,
  "requires": true,
  "packages": {
    "": {
      "dependencies": {
        "next": "^13.2.3",
        "react": "^18.2.0",
        "react-dom": "^18.2.0"
      },
      "devDependencies": {
        "@types/node": "18.16.3",
        "@types/react": "18.2.5",
        "typescript": "5.0.4"
      }
    },
    "node_modules/@next/env": {
      "version": "13.2.3",
      "resolved": "https://artifactory.moveaws.com/artifactory/api/npm/Move-npm/@next/env/-/env-13.2.3.tgz",
      "integrity": "sha1-d8pJ7bPB18UmO7jy6+aGCA6YJ54=",
      "license": "MIT"
    },
    "node_modules/@next/swc-android-arm-eabi": {
      "version": "13.2.3",
      "resolved": "https://artifactory.moveaws.com/artifactory/api/npm/Move-npm/@next/swc-android-arm-eabi/-/swc-android-arm-eabi-13.2.3.tgz",
      "integrity": "sha1-he7VYMh8eZZVjIaKEXvpeAd48ZI=",
      "cpu": [
        "arm"
      ],
      "license": "MIT",
      "optional": true,
      "os": [
        "android"
      ],
      "engines": {
        "node": ">= 10"
      }
    },
    "node_modules/@next/swc-android-arm64": {
      "version": "13.2.3",
      "resolved": "https://artifactory.moveaws.com/artifactory/api/npm/Move-npm/@next/swc-android-arm64/-/swc-android-arm64-13.2.3.tgz",
      "integrity": "sha1-isVMqXlaSK/EYxtII6SGS9XbASk=",
      "cpu": [
        "arm64"
      ],
      "license": "MIT",
      "optional": true,
      "os": [
        "android"
      ],
      "engines": {
        "node": ">= 10"
      }
    },
    "node_modules/@next/swc-darwin-arm64": {
      "version": "13.2.3",
      "resolved": "https://artifactory.moveaws.com/artifactory/api/npm/Move-npm/@next/swc-darwin-arm64/-/swc-darwin-arm64-13.2.3.tgz",
      "integrity": "sha1-9nTjxlrsUFttIYpmKt4/4kjM29o=",
      "cpu": [
        "arm64"
      ],
      "license": "MIT",
      "optional": true,
      "os": [
        "darwin"
      ],
      "engines": {
        "node": ">= 10"
      }
    },
    "node_modules/@next/swc-darwin-x64": {
      "version": "13.2.3",
      "resolved": "https://artifactory.moveaws.com/artifactory/api/npm/Move-npm/@next/swc-darwin-x64/-/swc-darwin-x64-13.2.3.tgz",
      "integrity": "sha1-oV6n+0xGA0qPXjh5BtDK0IOHB1o=",
      "cpu": [
        "x64"
      ],
      "license": "MIT",
      "optional": true,
      "os": [
        "darwin"
      ],
      "engines": {
        "node": ">= 10"
      }
    },
    "node_modules/@next/swc-freebsd-x64": {
      "version": "13.2.3",
      "resolved": "https://artifactory.moveaws.com/artifactory/api/npm/Move-npm/@next/swc-freebsd-x64/-/swc-freebsd-x64-13.2.3.tgz",
      "integrity": "sha1-96xq5PfXBv8kMfM+QCMKVUyMLLw=",
      "cpu": [
        "x64"
      ],
      "license": "MIT",
      "optional": true,
      "os": [
        "freebsd"
      ],
      "engines": {
        "node": ">= 10"
      }
    },
    "node_modules/@next/swc-linux-arm-gnueabihf": {
      "version": "13.2.3",
      "resolved": "https://artifactory.moveaws.com/artifactory/api/npm/Move-npm/@next/swc-linux-arm-gnueabihf/-/swc-linux-arm-gnueabihf-13.2.3.tgz",
      "integrity": "sha1-hK2elnnVVUKiO1kK2fLh6bLfYvc=",
      "cpu": [
        "arm"
      ],
      "license": "MIT",
      "optional": true,
      "os": [
        "linux"
      ],
      "engines": {
        "node": ">= 10"
      }
    },
    "node_modules/@next/swc-linux-arm64-gnu": {
      "version": "13.2.3",
      "resolved": "https://artifactory.moveaws.com/artifactory/api/npm/Move-npm/@next/swc-linux-arm64-gnu/-/swc-linux-arm64-gnu-13.2.3.tgz",
      "integrity": "sha1-VvkXW8Yy1kfGC56L7cCHXt+S2Lc=",
      "cpu": [
        "arm64"
      ],
      "license": "MIT",
      "optional": true,
      "os": [
        "linux"
      ],
      "engines": {
        "node": ">= 10"
      }
    },
    "node_modules/@next/swc-linux-arm64-musl": {
      "version": "13.2.3",
      "resolved": "https://artifactory.moveaws.com/artifactory/api/npm/Move-npm/@next/swc-linux-arm64-musl/-/swc-linux-arm64-musl-13.2.3.tgz",
      "integrity": "sha1-fUzwDo8XKaPeRk2gYkdz9dDRSIg=",
      "cpu": [
        "arm64"
      ],
      "license": "MIT",
      "optional": true,
      "os": [
        "linux"
      ],
      "engines": {
        "node": ">= 10"
      }
    },
    "node_modules/@next/swc-linux-x64-gnu": {
      "version": "13.2.3",
      "resolved": "https://artifactory.moveaws.com/artifactory/api/npm/Move-npm/@next/swc-linux-x64-gnu/-/swc-linux-x64-gnu-13.2.3.tgz",
      "integrity": "sha1-F95ASRDE6/eh02axkzTX4n4SarA=",
      "cpu": [
        "x64"
      ],
      "license": "MIT",
      "optional": true,
      "os": [
        "linux"
      ],
      "engines": {
        "node": ">= 10"
      }
    },
    "node_modules/@next/swc-linux-x64-musl": {
      "version": "13.2.3",
      "resolved": "https://artifactory.moveaws.com/artifactory/api/npm/Move-npm/@next/swc-linux-x64-musl/-/swc-linux-x64-musl-13.2.3.tgz",
      "integrity": "sha1-B8t7fzo6mANOJTP4JjipsJm6SrE=",
      "cpu": [
        "x64"
      ],
      "license": "MIT",
      "optional": true,
      "os": [
        "linux"
      ],
      "engines": {
        "node": ">= 10"
      }
    },
    "node_modules/@next/swc-win32-arm64-msvc": {
      "version": "13.2.3",
      "resolved": "https://artifactory.moveaws.com/artifactory/api/npm/Move-npm/@next/swc-win32-arm64-msvc/-/swc-win32-arm64-msvc-13.2.3.tgz",
      "integrity": "sha1-uayYyVTHHsneRdNJeoWFCWuHMVI=",
      "cpu": [
        "arm64"
      ],
      "license": "MIT",
      "optional": true,
      "os": [
        "win32"
      ],
      "engines": {
        "node": ">= 10"
      }
    },
    "node_modules/@next/swc-win32-ia32-msvc": {
      "version": "13.2.3",
      "resolved": "https://artifactory.moveaws.com/artifactory/api/npm/Move-npm/@next/swc-win32-ia32-msvc/-/swc-win32-ia32-msvc-13.2.3.tgz",
      "integrity": "sha1-XsSGU6SP1mTpQMaclrummP2ukus=",
      "cpu": [
        "ia32"
      ],
      "license": "MIT",
      "optional": true,
      "os": [
        "win32"
      ],
      "engines": {
        "node": ">= 10"
      }
    },
    "node_modules/@next/swc-win32-x64-msvc": {
      "version": "13.2.3",
      "resolved": "https://artifactory.moveaws.com/artifactory/api/npm/Move-npm/@next/swc-win32-x64-msvc/-/swc-win32-x64-msvc-13.2.3.tgz",
      "integrity": "sha1-zUMvKAvrjY3lt80lAen1Aunz3XI=",
      "cpu": [
        "x64"
      ],
      "license": "MIT",
      "optional": true,
      "os": [
        "win32"
      ],
      "engines": {
        "node": ">= 10"
      }
    },
    "node_modules/@swc/helpers": {
      "version": "0.4.14",
      "resolved": "https://artifactory.moveaws.com/artifactory/api/npm/Move-npm/@swc/helpers/-/helpers-0.4.14.tgz",
      "integrity": "sha1-E1KsbZXjYXzLfBSY/wGWVPHhKnQ=",
      "license": "MIT",
      "dependencies": {
        "tslib": "^2.4.0"
      }
    },
    "node_modules/@types/node": {
      "version": "18.16.3",
      "resolved": "https://registry.npmjs.org/@types/node/-/node-18.16.3.tgz",
      "integrity": "sha512-OPs5WnnT1xkCBiuQrZA4+YAV4HEJejmHneyraIaxsbev5yCEr6KMwINNFP9wQeFIw8FWcoTqF3vQsa5CDaI+8Q==",
      "dev": true
    },
    "node_modules/@types/prop-types": {
      "version": "15.7.5",
      "resolved": "https://registry.npmjs.org/@types/prop-types/-/prop-types-15.7.5.tgz",
      "integrity": "sha512-JCB8C6SnDoQf0cNycqd/35A7MjcnK+ZTqE7judS6o7utxUCg6imJg3QK2qzHKszlTjcj2cn+NwMB2i96ubpj7w==",
      "dev": true
    },
    "node_modules/@types/react": {
      "version": "18.2.5",
      "resolved": "https://registry.npmjs.org/@types/react/-/react-18.2.5.tgz",
      "integrity": "sha512-RuoMedzJ5AOh23Dvws13LU9jpZHIc/k90AgmK7CecAYeWmSr3553L4u5rk4sWAPBuQosfT7HmTfG4Rg5o4nGEA==",
      "dev": true,
      "dependencies": {
        "@types/prop-types": "*",
        "@types/scheduler": "*",
        "csstype": "^3.0.2"
      }
    },
    "node_modules/@types/scheduler": {
      "version": "0.16.3",
      "resolved": "https://registry.npmjs.org/@types/scheduler/-/scheduler-0.16.3.tgz",
      "integrity": "sha512-5cJ8CB4yAx7BH1oMvdU0Jh9lrEXyPkar6F9G/ERswkCuvP4KQZfZkSjcMbAICCpQTN4OuZn8tz0HiKv9TGZgrQ==",
      "dev": true
    },
    "node_modules/caniuse-lite": {
      "version": "1.0.30001460",
      "resolved": "https://artifactory.moveaws.com/artifactory/api/npm/Move-npm/caniuse-lite/-/caniuse-lite-1.0.30001460.tgz",
      "integrity": "sha1-MdLibwojCYYO0+/xVOA4kNnYUac=",
      "funding": [
        {
          "type": "opencollective",
          "url": "https://opencollective.com/browserslist"
        },
        {
          "type": "tidelift",
          "url": "https://tidelift.com/funding/github/npm/caniuse-lite"
        }
      ],
      "license": "CC-BY-4.0"
    },
    "node_modules/client-only": {
      "version": "0.0.1",
      "resolved": "https://artifactory.moveaws.com/artifactory/api/npm/Move-npm/client-only/-/client-only-0.0.1.tgz",
      "integrity": "sha1-OLul1APEGrFQv/ZKlchQE89zvKE=",
      "license": "MIT"
    },
    "node_modules/csstype": {
      "version": "3.1.2",
      "resolved": "https://registry.npmjs.org/csstype/-/csstype-3.1.2.tgz",
      "integrity": "sha512-I7K1Uu0MBPzaFKg4nI5Q7Vs2t+3gWWW648spaF+Rg7pI9ds18Ugn+lvg4SHczUdKlHI5LWBXyqfS8+DufyBsgQ==",
      "dev": true
    },
    "node_modules/js-tokens": {
      "version": "4.0.0",
      "resolved": "https://artifactory.moveaws.com/artifactory/api/npm/Move-npm/js-tokens/-/js-tokens-4.0.0.tgz",
      "integrity": "sha1-GSA/tZmR35jjoocFDUZHzerzJJk=",
      "license": "MIT"
    },
    "node_modules/loose-envify": {
      "version": "1.4.0",
      "resolved": "https://artifactory.moveaws.com/artifactory/api/npm/Move-npm/loose-envify/-/loose-envify-1.4.0.tgz",
      "integrity": "sha1-ce5R+nvkyuwaY4OffmgtgTLTDK8=",
      "license": "MIT",
      "dependencies": {
        "js-tokens": "^3.0.0 || ^4.0.0"
      },
      "bin": {
        "loose-envify": "cli.js"
      }
    },
    "node_modules/nanoid": {
      "version": "3.3.4",
      "resolved": "https://artifactory.moveaws.com/artifactory/api/npm/Move-npm/nanoid/-/nanoid-3.3.4.tgz",
      "integrity": "sha1-cwtn480J4t6s8DwCfIHJ2dvF6Ks=",
      "license": "MIT",
      "bin": {
        "nanoid": "bin/nanoid.cjs"
      },
      "engines": {
        "node": "^10 || ^12 || ^13.7 || ^14 || >=15.0.1"
      }
    },
    "node_modules/next": {
      "version": "13.2.3",
      "resolved": "https://artifactory.moveaws.com/artifactory/api/npm/Move-npm/next/-/next-13.2.3.tgz",
      "integrity": "sha1-ktFw56ykITIfIw/4DDXEdRA19C4=",
      "license": "MIT",
      "dependencies": {
        "@next/env": "13.2.3",
        "@swc/helpers": "0.4.14",
        "caniuse-lite": "^1.0.30001406",
        "postcss": "8.4.14",
        "styled-jsx": "5.1.1"
      },
      "bin": {
        "next": "dist/bin/next"
      },
      "engines": {
        "node": ">=14.6.0"
      },
      "optionalDependencies": {
        "@next/swc-android-arm-eabi": "13.2.3",
        "@next/swc-android-arm64": "13.2.3",
        "@next/swc-darwin-arm64": "13.2.3",
        "@next/swc-darwin-x64": "13.2.3",
        "@next/swc-freebsd-x64": "13.2.3",
        "@next/swc-linux-arm-gnueabihf": "13.2.3",
        "@next/swc-linux-arm64-gnu": "13.2.3",
        "@next/swc-linux-arm64-musl": "13.2.3",
        "@next/swc-linux-x64-gnu": "13.2.3",
        "@next/swc-linux-x64-musl": "13.2.3",
        "@next/swc-win32-arm64-msvc": "13.2.3",
        "@next/swc-win32-ia32-msvc": "13.2.3",
        "@next/swc-win32-x64-msvc": "13.2.3"
      },
      "peerDependencies": {
        "@opentelemetry/api": "^1.4.0",
        "fibers": ">= 3.1.0",
        "node-sass": "^6.0.0 || ^7.0.0",
        "react": "^18.2.0",
        "react-dom": "^18.2.0",
        "sass": "^1.3.0"
      },
      "peerDependenciesMeta": {
        "@opentelemetry/api": {
          "optional": true
        },
        "fibers": {
          "optional": true
        },
        "node-sass": {
          "optional": true
        },
        "sass": {
          "optional": true
        }
      }
    },
    "node_modules/picocolors": {
      "version": "1.0.0",
      "resolved": "https://artifactory.moveaws.com/artifactory/api/npm/Move-npm/picocolors/-/picocolors-1.0.0.tgz",
      "integrity": "sha1-y1vcdP8/UYkiNur3nWi8RFZKuBw=",
      "license": "ISC"
    },
    "node_modules/postcss": {
      "version": "8.4.14",
      "resolved": "https://artifactory.moveaws.com/artifactory/api/npm/Move-npm/postcss/-/postcss-8.4.14.tgz",
      "integrity": "sha1-7pJ01WIrSFjBAHp0125C5W/SHK8=",
      "funding": [
        {
          "type": "opencollective",
          "url": "https://opencollective.com/postcss/"
        },
        {
          "type": "tidelift",
          "url": "https://tidelift.com/funding/github/npm/postcss"
        }
      ],
      "license": "MIT",
      "dependencies": {
        "nanoid": "^3.3.4",
        "picocolors": "^1.0.0",
        "source-map-js": "^1.0.2"
      },
      "engines": {
        "node": "^10 || ^12 || >=14"
      }
    },
    "node_modules/react": {
      "version": "18.2.0",
      "resolved": "https://artifactory.moveaws.com/artifactory/api/npm/Move-npm/react/-/react-18.2.0.tgz",
      "integrity": "sha1-VVvZhZKIMlX6AN4U8RUakXtdd9U=",
      "license": "MIT",
      "dependencies": {
        "loose-envify": "^1.1.0"
      },
      "engines": {
        "node": ">=0.10.0"
      }
    },
    "node_modules/react-dom": {
      "version": "18.2.0",
      "resolved": "https://artifactory.moveaws.com/artifactory/api/npm/Move-npm/react-dom/-/react-dom-18.2.0.tgz",
      "integrity": "sha1-IqrzhwjbJnTtmtoiTKSqcI2CHj0=",
      "license": "MIT",
      "dependencies": {
        "loose-envify": "^1.1.0",
        "scheduler": "^0.23.0"
      },
      "peerDependencies": {
        "react": "^18.2.0"
      }
    },
    "node_modules/scheduler": {
      "version": "0.23.0",
      "resolved": "https://artifactory.moveaws.com/artifactory/api/npm/Move-npm/scheduler/-/scheduler-0.23.0.tgz",
      "integrity": "sha1-uoBBr8PTDrIGpIe2s4QALk5h/f4=",
      "license": "MIT",
      "dependencies": {
        "loose-envify": "^1.1.0"
      }
    },
    "node_modules/source-map-js": {
      "version": "1.0.2",
      "resolved": "https://artifactory.moveaws.com/artifactory/api/npm/Move-npm/source-map-js/-/source-map-js-1.0.2.tgz",
      "integrity": "sha1-rbw2HZxi3zgBJefxYfccgm8eSQw=",
      "license": "BSD-3-Clause",
      "engines": {
        "node": ">=0.10.0"
      }
    },
    "node_modules/styled-jsx": {
      "version": "5.1.1",
      "resolved": "https://artifactory.moveaws.com/artifactory/api/npm/Move-npm/styled-jsx/-/styled-jsx-5.1.1.tgz",
      "integrity": "sha1-g5ocOqrMTnNf7QeBuGGepdAAnR8=",
      "license": "MIT",
      "dependencies": {
        "client-only": "0.0.1"
      },
      "engines": {
        "node": ">= 12.0.0"
      },
      "peerDependencies": {
        "react": ">= 16.8.0 || 17.x.x || ^18.0.0-0"
      },
      "peerDependenciesMeta": {
        "@babel/core": {
          "optional": true
        },
        "babel-plugin-macros": {
          "optional": true
        }
      }
    },
    "node_modules/tslib": {
      "version": "2.5.0",
      "resolved": "https://artifactory.moveaws.com/artifactory/api/npm/Move-npm/tslib/-/tslib-2.5.0.tgz",
      "integrity": "sha1-Qr/thvV4eutB0DGGbI9AJCng/d8=",
      "license": "0BSD"
    },
    "node_modules/typescript": {
      "version": "5.0.4",
      "resolved": "https://registry.npmjs.org/typescript/-/typescript-5.0.4.tgz",
      "integrity": "sha512-cW9T5W9xY37cc+jfEnaUvX91foxtHkza3Nw3wkoF4sSlKn0MONdkdEndig/qPBWXNkmplh3NzayQzCiHM4/hqw==",
      "dev": true,
      "bin": {
        "tsc": "bin/tsc",
        "tsserver": "bin/tsserver"
      },
      "engines": {
        "node": ">=12.20"
      }
    }
  }
}
